# This file is autogenerated, do not edit; changes may be undone by the next 'dep ensure'.


[[projects]]
  name = "github.com/Shopify/ejson"
  packages = ["crypto"]
  revision = "ce9261f21575d3fb0ceda6795935ddd8800563a9"
  version = "1.1.0"

[[projects]]
  branch = "master"
  name = "github.com/atotto/clipboard"
  packages = ["."]
  revision = "5e2c7bddca04488284428a201e4a15615f7a5074"

[[projects]]
  branch = "master"
  name = "golang.org/x/crypto"
  packages = [
    "curve25519",
    "nacl/box",
    "nacl/secretbox",
    "poly1305",
    "salsa20/salsa"
  ]
  revision = "ab813273cd59e1333f7ae7bff5d027d4aadf528c"

[solve-meta]
  analyzer-name = "dep"
  analyzer-version = 1
  inputs-digest = "badf294ed4440119222d347b57c3111929b23da9b565eb7569e424ffe5b4ce14"
  solver-name = "gps-cdcl"
  solver-version = 1
