# This file is autogenerated, do not edit; changes may be undone by the next 'dep ensure'.


[[projects]]
  digest = "1:87d728b37c52817c6180111f985ee56f5c2615c9d3709049c6bf6cee7b2307e8"
  name = "github.com/Shopify/ejson"
  packages = ["crypto"]
  pruneopts = "UT"
  revision = "ce9261f21575d3fb0ceda6795935ddd8800563a9"
  version = "1.1.0"

[[projects]]
  branch = "master"
  digest = "1:dd1417c60900a2be6d1653e90306614657761fc9c3066eccc558ae432b31aa60"
  name = "github.com/atotto/clipboard"
  packages = ["."]
  pruneopts = "UT"
  revision = "5e2c7bddca04488284428a201e4a15615f7a5074"

[[projects]]
  branch = "master"
  digest = "1:5b5bfb4cd557a7ce3cbb23492bf670204c81827f5f2ab70ad03b206661f0ed7b"
  name = "golang.org/x/crypto"
  packages = [
    "curve25519",
    "nacl/box",
    "nacl/secretbox",
    "poly1305",
    "salsa20/salsa",
  ]
  pruneopts = "UT"
  revision = "ab813273cd59e1333f7ae7bff5d027d4aadf528c"

[solve-meta]
  analyzer-name = "dep"
  analyzer-version = 1
  input-imports = [
    "github.com/Shopify/ejson/crypto",
    "github.com/atotto/clipboard",
  ]
  solver-name = "gps-cdcl"
  solver-version = 1
